
Microsoft Visual Studio Solution File, Format Version 12.00
# Visual Studio Version 17
VisualStudioVersion = 17.9.34728.123
MinimumVisualStudioVersion = 10.0.40219.1
Project("{9A19103F-16F7-4668-BE54-9A1E7A4F7556}") = "SistemaInventario", "SistemaInventario\SistemaInventario.csproj", "{B1AD9726-E713-4636-A370-031263DFEEFC}"
EndProject
Project("{FAE04EC0-301F-11D3-BF4B-00C04F79EFBC}") = "SistemaInventario.AccesoDatos", "SistemaInventario.AccesoDatos\SistemaInventario.AccesoDatos.csproj", "{2FD599DC-3FE4-4F9E-9A74-4CAE9862C004}"
EndProject
Project("{FAE04EC0-301F-11D3-BF4B-00C04F79EFBC}") = "SistemaInventario.Modelos", "SistemaInventario.Modelos\SistemaInventario.Modelos.csproj", "{4078FC30-22E3-4649-889D-C56E5E41B4F1}"
EndProject
Project("{FAE04EC0-301F-11D3-BF4B-00C04F79EFBC}") = "SistemaInventario.Utilidades", "SistemaInventario.Utilidades\SistemaInventario.Utilidades.csproj", "{5A8D4EF9-F9A2-4EB4-8E8F-24045119388D}"
EndProject
Global
	GlobalSection(SolutionConfigurationPlatforms) = preSolution
		Debug|Any CPU = Debug|Any CPU
		Release|Any CPU = Release|Any CPU
	EndGlobalSection
	GlobalSection(ProjectConfigurationPlatforms) = postSolution
		{B1AD9726-E713-4636-A370-031263DFEEFC}.Debug|Any CPU.ActiveCfg = Debug|Any CPU
		{B1AD9726-E713-4636-A370-031263DFEEFC}.Debug|Any CPU.Build.0 = Debug|Any CPU
		{B1AD9726-E713-4636-A370-031263DFEEFC}.Release|Any CPU.ActiveCfg = Release|Any CPU
		{B1AD9726-E713-4636-A370-031263DFEEFC}.Release|Any CPU.Build.0 = Release|Any CPU
		{2FD599DC-3FE4-4F9E-9A74-4CAE9862C004}.Debug|Any CPU.ActiveCfg = Debug|Any CPU
		{2FD599DC-3FE4-4F9E-9A74-4CAE9862C004}.Debug|Any CPU.Build.0 = Debug|Any CPU
		{2FD599DC-3FE4-4F9E-9A74-4CAE9862C004}.Release|Any CPU.ActiveCfg = Release|Any CPU
		{2FD599DC-3FE4-4F9E-9A74-4CAE9862C004}.Release|Any CPU.Build.0 = Release|Any CPU
		{4078FC30-22E3-4649-889D-C56E5E41B4F1}.Debug|Any CPU.ActiveCfg = Debug|Any CPU
		{4078FC30-22E3-4649-889D-C56E5E41B4F1}.Debug|Any CPU.Build.0 = Debug|Any CPU
		{4078FC30-22E3-4649-889D-C56E5E41B4F1}.Release|Any CPU.ActiveCfg = Release|Any CPU
		{4078FC30-22E3-4649-889D-C56E5E41B4F1}.Release|Any CPU.Build.0 = Release|Any CPU
		{5A8D4EF9-F9A2-4EB4-8E8F-24045119388D}.Debug|Any CPU.ActiveCfg = Debug|Any CPU
		{5A8D4EF9-F9A2-4EB4-8E8F-24045119388D}.Debug|Any CPU.Build.0 = Debug|Any CPU
		{5A8D4EF9-F9A2-4EB4-8E8F-24045119388D}.Release|Any CPU.ActiveCfg = Release|Any CPU
		{5A8D4EF9-F9A2-4EB4-8E8F-24045119388D}.Release|Any CPU.Build.0 = Release|Any CPU
	EndGlobalSection
	GlobalSection(SolutionProperties) = preSolution
		HideSolutionNode = FALSE
	EndGlobalSection
	GlobalSection(ExtensibilityGlobals) = postSolution
		SolutionGuid = {8734D511-2E31-4CC7-9DE1-EB84DA44BA4C}
	EndGlobalSection
EndGlobal
